
Microsoft Visual Studio Solution File, Format Version 12.00
# Visual Studio Version 17
VisualStudioVersion = 17.6.33815.320
MinimumVisualStudioVersion = 10.0.40219.1
Project("{FAE04EC0-301F-11D3-BF4B-00C04F79EFBC}") = "PalindromeChecker", "PalindromeChecker\PalindromeChecker.csproj", "{248FA38A-3568-44B3-9B99-9BF44ACD805B}"
EndProject
Global
	GlobalSection(SolutionConfigurationPlatforms) = preSolution
		Debug|Any CPU = Debug|Any CPU
		Release|Any CPU = Release|Any CPU
	EndGlobalSection
	GlobalSection(ProjectConfigurationPlatforms) = postSolution
		{248FA38A-3568-44B3-9B99-9BF44ACD805B}.Debug|Any CPU.ActiveCfg = Debug|Any CPU
		{248FA38A-3568-44B3-9B99-9BF44ACD805B}.Debug|Any CPU.Build.0 = Debug|Any CPU
		{248FA38A-3568-44B3-9B99-9BF44ACD805B}.Release|Any CPU.ActiveCfg = Release|Any CPU
		{248FA38A-3568-44B3-9B99-9BF44ACD805B}.Release|Any CPU.Build.0 = Release|Any CPU
	EndGlobalSection
	GlobalSection(SolutionProperties) = preSolution
		HideSolutionNode = FALSE
	EndGlobalSection
	GlobalSection(ExtensibilityGlobals) = postSolution
		SolutionGuid = {05FF771C-D6B0-4F5E-AB51-35A44EB7C580}
	EndGlobalSection
EndGlobal
